{
  "name": "playora",
  "lockfileVersion": 3,
  "requires": true,
  "packages": {
    "": {
      "dependencies": {
        "appwrite": "^18.1.1"
      }
    },
    "node_modules/appwrite": {
      "version": "18.1.1",
      "resolved": "https://registry.npmjs.org/appwrite/-/appwrite-18.1.1.tgz",
      "integrity": "sha512-krwHjuwJcF+9Ig2+nqOEKMA/5kPIFhwwZsaLc7Gb8y2oP6EnG4ZMRPeHTFscdevOtVQj2Ax92cYYWAEvzlrc7A==",
      "license": "BSD-3-Clause"
    }
  }
}
